
Microsoft Visual Studio Solution File, Format Version 12.00
# Visual Studio Version 17
VisualStudioVersion = 17.3.32929.385
MinimumVisualStudioVersion = 10.0.40219.1
Project("{9A19103F-16F7-4668-BE54-9A1E7A4F7556}") = "Ranch", "Ranch.csproj", "{1A101F71-6EF0-4879-A6DA-93D4DE45A6F1}"
EndProject
Global
	GlobalSection(SolutionConfigurationPlatforms) = preSolution
		Debug|Any CPU = Debug|Any CPU
		Release|Any CPU = Release|Any CPU
	EndGlobalSection
	GlobalSection(ProjectConfigurationPlatforms) = postSolution
		{1A101F71-6EF0-4879-A6DA-93D4DE45A6F1}.Debug|Any CPU.ActiveCfg = Debug|Any CPU
		{1A101F71-6EF0-4879-A6DA-93D4DE45A6F1}.Debug|Any CPU.Build.0 = Debug|Any CPU
		{1A101F71-6EF0-4879-A6DA-93D4DE45A6F1}.Release|Any CPU.ActiveCfg = Release|Any CPU
		{1A101F71-6EF0-4879-A6DA-93D4DE45A6F1}.Release|Any CPU.Build.0 = Release|Any CPU
	EndGlobalSection
	GlobalSection(SolutionProperties) = preSolution
		HideSolutionNode = FALSE
	EndGlobalSection
	GlobalSection(ExtensibilityGlobals) = postSolution
		SolutionGuid = {73729100-2CF7-4DF4-8FE2-79E30B463EFA}
	EndGlobalSection
EndGlobal
